// !$*UTF8*$!
{
	archiveVersion = 1;
	classes = {
	};
	objectVersion = 48;
	objects = {

/* Begin PBXBuildFile section */
		6E40B4A6A52C770E6D935DBE /* Pods_BitCoinMentor.framework in Frameworks */ = {isa = PBXBuildFile; fileRef = 1304FD57CEC6A996058CC545 /* Pods_BitCoinMentor.framework */; };
		DC36EEA01FEEFC3E006DEC96 /* AppDelegate.swift in Sources */ = {isa = PBXBuildFile; fileRef = DC36EE9F1FEEFC3E006DEC96 /* AppDelegate.swift */; };
		DC36EEA21FEEFC3E006DEC96 /* MentorViewController.swift in Sources */ = {isa = PBXBuildFile; fileRef = DC36EEA11FEEFC3E006DEC96 /* MentorViewController.swift */; };
		DC36EEA51FEEFC3E006DEC96 /* Main.storyboard in Resources */ = {isa = PBXBuildFile; fileRef = DC36EEA31FEEFC3E006DEC96 /* Main.storyboard */; };
		DC36EEA81FEEFC3E006DEC96 /* BitCoinMentor.xcdatamodeld in Sources */ = {isa = PBXBuildFile; fileRef = DC36EEA61FEEFC3E006DEC96 /* BitCoinMentor.xcdatamodeld */; };
		DC36EEAA1FEEFC3E006DEC96 /* Assets.xcassets in Resources */ = {isa = PBXBuildFile; fileRef = DC36EEA91FEEFC3E006DEC96 /* Assets.xcassets */; };
		DC36EEAD1FEEFC3E006DEC96 /* LaunchScreen.storyboard in Resources */ = {isa = PBXBuildFile; fileRef = DC36EEAB1FEEFC3E006DEC96 /* LaunchScreen.storyboard */; };
		DC5C73DC1FF1DD8D00F6AD91 /* GoogleService-Info.plist in Resources */ = {isa = PBXBuildFile; fileRef = DC5C73DB1FF1DD8D00F6AD91 /* GoogleService-Info.plist */; };
		DCB6562D201EA40F003A2DFF /* AnalyzeTVControllerMB.swift in Sources */ = {isa = PBXBuildFile; fileRef = DCB6562C201EA40F003A2DFF /* AnalyzeTVControllerMB.swift */; };
		DCB6562F201F3670003A2DFF /* AnalyzeExchangeTO.swift in Sources */ = {isa = PBXBuildFile; fileRef = DCB6562E201F3670003A2DFF /* AnalyzeExchangeTO.swift */; };
		DCB65632201F394E003A2DFF /* BitCoinCoreData.swift in Sources */ = {isa = PBXBuildFile; fileRef = DCB65631201F394E003A2DFF /* BitCoinCoreData.swift */; };
		DCB65634201FF46C003A2DFF /* ConfViewControllerBN.swift in Sources */ = {isa = PBXBuildFile; fileRef = DCB65633201FF46C003A2DFF /* ConfViewControllerBN.swift */; };
		DCB65636201FF4B3003A2DFF /* ConfViewControllerMB.swift in Sources */ = {isa = PBXBuildFile; fileRef = DCB65635201FF4B3003A2DFF /* ConfViewControllerMB.swift */; };
		DCCD908C2018CD370083CD36 /* AnalyzeTVControllerBN.swift in Sources */ = {isa = PBXBuildFile; fileRef = DCCD908B2018CD370083CD36 /* AnalyzeTVControllerBN.swift */; };
		DCCD908F2018D2350083CD36 /* BitCoinMentorService.swift in Sources */ = {isa = PBXBuildFile; fileRef = DCCD908E2018D2350083CD36 /* BitCoinMentorService.swift */; };
		DCE3913A1FFF17C700E0116A /* ConfigurationTO.swift in Sources */ = {isa = PBXBuildFile; fileRef = DCE391391FFF17C700E0116A /* ConfigurationTO.swift */; };
		DCE3913C1FFF2A9400E0116A /* ExternalAccessory.framework in Frameworks */ = {isa = PBXBuildFile; fileRef = DCE3913B1FFF2A9400E0116A /* ExternalAccessory.framework */; };
		DCE3CE751FF0506800977907 /* ConfigurarViewController.swift in Sources */ = {isa = PBXBuildFile; fileRef = DCE3CE741FF0506800977907 /* ConfigurarViewController.swift */; };
		DCE3CE771FF05CCE00977907 /* Util.swift in Sources */ = {isa = PBXBuildFile; fileRef = DCE3CE761FF05CCE00977907 /* Util.swift */; };
/* End PBXBuildFile section */

/* Begin PBXFileReference section */
		1304FD57CEC6A996058CC545 /* Pods_BitCoinMentor.framework */ = {isa = PBXFileReference; explicitFileType = wrapper.framework; includeInIndex = 0; path = Pods_BitCoinMentor.framework; sourceTree = BUILT_PRODUCTS_DIR; };
		B1B4A2E8374574AD7F29A448 /* Pods-BitCoinMentor.release.xcconfig */ = {isa = PBXFileReference; includeInIndex = 1; lastKnownFileType = text.xcconfig; name = "Pods-BitCoinMentor.release.xcconfig"; path = "Pods/Target Support Files/Pods-BitCoinMentor/Pods-BitCoinMentor.release.xcconfig"; sourceTree = "<group>"; };
		DC36EE9C1FEEFC3E006DEC96 /* BitCoinMentor.app */ = {isa = PBXFileReference; explicitFileType = wrapper.application; includeInIndex = 0; path = BitCoinMentor.app; sourceTree = BUILT_PRODUCTS_DIR; };
		DC36EE9F1FEEFC3E006DEC96 /* AppDelegate.swift */ = {isa = PBXFileReference; lastKnownFileType = sourcecode.swift; path = AppDelegate.swift; sourceTree = "<group>"; };
		DC36EEA11FEEFC3E006DEC96 /* MentorViewController.swift */ = {isa = PBXFileReference; lastKnownFileType = sourcecode.swift; path = MentorViewController.swift; sourceTree = "<group>"; };
		DC36EEA41FEEFC3E006DEC96 /* Base */ = {isa = PBXFileReference; lastKnownFileType = file.storyboard; name = Base; path = Base.lproj/Main.storyboard; sourceTree = "<group>"; };
		DC36EEA71FEEFC3E006DEC96 /* BitCoinMentor.xcdatamodel */ = {isa = PBXFileReference; lastKnownFileType = wrapper.xcdatamodel; path = BitCoinMentor.xcdatamodel; sourceTree = "<group>"; };
		DC36EEA91FEEFC3E006DEC96 /* Assets.xcassets */ = {isa = PBXFileReference; lastKnownFileType = folder.assetcatalog; path = Assets.xcassets; sourceTree = "<group>"; };
		DC36EEAC1FEEFC3E006DEC96 /* Base */ = {isa = PBXFileReference; lastKnownFileType = file.storyboard; name = Base; path = Base.lproj/LaunchScreen.storyboard; sourceTree = "<group>"; };
		DC36EEAE1FEEFC3E006DEC96 /* Info.plist */ = {isa = PBXFileReference; lastKnownFileType = text.plist.xml; path = Info.plist; sourceTree = "<group>"; };
		DC5C73DB1FF1DD8D00F6AD91 /* GoogleService-Info.plist */ = {isa = PBXFileReference; fileEncoding = 4; lastKnownFileType = text.plist.xml; path = "GoogleService-Info.plist"; sourceTree = "<group>"; };
		DCB6562C201EA40F003A2DFF /* AnalyzeTVControllerMB.swift */ = {isa = PBXFileReference; lastKnownFileType = sourcecode.swift; path = AnalyzeTVControllerMB.swift; sourceTree = "<group>"; };
		DCB6562E201F3670003A2DFF /* AnalyzeExchangeTO.swift */ = {isa = PBXFileReference; lastKnownFileType = sourcecode.swift; path = AnalyzeExchangeTO.swift; sourceTree = "<group>"; };
		DCB65631201F394E003A2DFF /* BitCoinCoreData.swift */ = {isa = PBXFileReference; lastKnownFileType = sourcecode.swift; path = BitCoinCoreData.swift; sourceTree = "<group>"; };
		DCB65633201FF46C003A2DFF /* ConfViewControllerBN.swift */ = {isa = PBXFileReference; lastKnownFileType = sourcecode.swift; path = ConfViewControllerBN.swift; sourceTree = "<group>"; };
		DCB65635201FF4B3003A2DFF /* ConfViewControllerMB.swift */ = {isa = PBXFileReference; lastKnownFileType = sourcecode.swift; path = ConfViewControllerMB.swift; sourceTree = "<group>"; };
		DCCD908B2018CD370083CD36 /* AnalyzeTVControllerBN.swift */ = {isa = PBXFileReference; lastKnownFileType = sourcecode.swift; path = AnalyzeTVControllerBN.swift; sourceTree = "<group>"; };
		DCCD908E2018D2350083CD36 /* BitCoinMentorService.swift */ = {isa = PBXFileReference; lastKnownFileType = sourcecode.swift; path = BitCoinMentorService.swift; sourceTree = "<group>"; };
		DCE391391FFF17C700E0116A /* ConfigurationTO.swift */ = {isa = PBXFileReference; lastKnownFileType = sourcecode.swift; path = ConfigurationTO.swift; sourceTree = "<group>"; };
		DCE3913B1FFF2A9400E0116A /* ExternalAccessory.framework */ = {isa = PBXFileReference; lastKnownFileType = wrapper.framework; name = ExternalAccessory.framework; path = System/Library/Frameworks/ExternalAccessory.framework; sourceTree = SDKROOT; };
		DCE3CE741FF0506800977907 /* ConfigurarViewController.swift */ = {isa = PBXFileReference; lastKnownFileType = sourcecode.swift; path = ConfigurarViewController.swift; sourceTree = "<group>"; };
		DCE3CE761FF05CCE00977907 /* Util.swift */ = {isa = PBXFileReference; lastKnownFileType = sourcecode.swift; path = Util.swift; sourceTree = "<group>"; };
		DCFF55481FF1ECEC0054079F /* BitCoinMentor.entitlements */ = {isa = PBXFileReference; lastKnownFileType = text.plist.entitlements; path = BitCoinMentor.entitlements; sourceTree = "<group>"; };
		F95300A33EE067BAE89FC668 /* Pods-BitCoinMentor.debug.xcconfig */ = {isa = PBXFileReference; includeInIndex = 1; lastKnownFileType = text.xcconfig; name = "Pods-BitCoinMentor.debug.xcconfig"; path = "Pods/Target Support Files/Pods-BitCoinMentor/Pods-BitCoinMentor.debug.xcconfig"; sourceTree = "<group>"; };
/* End PBXFileReference section */

/* Begin PBXFrameworksBuildPhase section */
		DC36EE991FEEFC3E006DEC96 /* Frameworks */ = {
			isa = PBXFrameworksBuildPhase;
			buildActionMask = 2147483647;
			files = (
				DCE3913C1FFF2A9400E0116A /* ExternalAccessory.framework in Frameworks */,
				6E40B4A6A52C770E6D935DBE /* Pods_BitCoinMentor.framework in Frameworks */,
			);
			runOnlyForDeploymentPostprocessing = 0;
		};
/* End PBXFrameworksBuildPhase section */

/* Begin PBXGroup section */
		0BC641AFAC66B756945BF423 /* Frameworks */ = {
			isa = PBXGroup;
			children = (
				DCE3913B1FFF2A9400E0116A /* ExternalAccessory.framework */,
				1304FD57CEC6A996058CC545 /* Pods_BitCoinMentor.framework */,
			);
			name = Frameworks;
			sourceTree = "<group>";
		};
		DC36EE931FEEFC3E006DEC96 = {
			isa = PBXGroup;
			children = (
				DC36EE9E1FEEFC3E006DEC96 /* BitCoinMentor */,
				DC36EE9D1FEEFC3E006DEC96 /* Products */,
				E446411D700C1716BBC9AB8D /* Pods */,
				0BC641AFAC66B756945BF423 /* Frameworks */,
			);
			sourceTree = "<group>";
		};
		DC36EE9D1FEEFC3E006DEC96 /* Products */ = {
			isa = PBXGroup;
			children = (
				DC36EE9C1FEEFC3E006DEC96 /* BitCoinMentor.app */,
			);
			name = Products;
			sourceTree = "<group>";
		};
		DC36EE9E1FEEFC3E006DEC96 /* BitCoinMentor */ = {
			isa = PBXGroup;
			children = (
				DCB65630201F392A003A2DFF /* coredata */,
				DCCD908D2018D1C30083CD36 /* business */,
				DCE391381FFF17A100E0116A /* model */,
				DCFF55481FF1ECEC0054079F /* BitCoinMentor.entitlements */,
				DC5C73DB1FF1DD8D00F6AD91 /* GoogleService-Info.plist */,
				DC36EE9F1FEEFC3E006DEC96 /* AppDelegate.swift */,
				DC36EEA11FEEFC3E006DEC96 /* MentorViewController.swift */,
				DCCD908B2018CD370083CD36 /* AnalyzeTVControllerBN.swift */,
				DCB6562C201EA40F003A2DFF /* AnalyzeTVControllerMB.swift */,
				DCE3CE741FF0506800977907 /* ConfigurarViewController.swift */,
				DCB65633201FF46C003A2DFF /* ConfViewControllerBN.swift */,
				DCB65635201FF4B3003A2DFF /* ConfViewControllerMB.swift */,
				DC36EEA31FEEFC3E006DEC96 /* Main.storyboard */,
				DC36EEA91FEEFC3E006DEC96 /* Assets.xcassets */,
				DC36EEAB1FEEFC3E006DEC96 /* LaunchScreen.storyboard */,
				DC36EEAE1FEEFC3E006DEC96 /* Info.plist */,
				DC36EEA61FEEFC3E006DEC96 /* BitCoinMentor.xcdatamodeld */,
			);
			path = BitCoinMentor;
			sourceTree = "<group>";
		};
		DCB65630201F392A003A2DFF /* coredata */ = {
			isa = PBXGroup;
			children = (
				DCB65631201F394E003A2DFF /* BitCoinCoreData.swift */,
			);
			path = coredata;
			sourceTree = "<group>";
		};
		DCCD908D2018D1C30083CD36 /* business */ = {
			isa = PBXGroup;
			children = (
				DCE3CE761FF05CCE00977907 /* Util.swift */,
				DCCD908E2018D2350083CD36 /* BitCoinMentorService.swift */,
			);
			path = business;
			sourceTree = "<group>";
		};
		DCE391381FFF17A100E0116A /* model */ = {
			isa = PBXGroup;
			children = (
				DCE391391FFF17C700E0116A /* ConfigurationTO.swift */,
				DCB6562E201F3670003A2DFF /* AnalyzeExchangeTO.swift */,
			);
			path = model;
			sourceTree = "<group>";
		};
		E446411D700C1716BBC9AB8D /* Pods */ = {
			isa = PBXGroup;
			children = (
				F95300A33EE067BAE89FC668 /* Pods-BitCoinMentor.debug.xcconfig */,
				B1B4A2E8374574AD7F29A448 /* Pods-BitCoinMentor.release.xcconfig */,
			);
			name = Pods;
			sourceTree = "<group>";
		};
/* End PBXGroup section */

/* Begin PBXNativeTarget section */
		DC36EE9B1FEEFC3E006DEC96 /* BitCoinMentor */ = {
			isa = PBXNativeTarget;
			buildConfigurationList = DC36EEB11FEEFC3E006DEC96 /* Build configuration list for PBXNativeTarget "BitCoinMentor" */;
			buildPhases = (
				9BBD4285F70A5CCFE7C2F769 /* [CP] Check Pods Manifest.lock */,
				DC36EE981FEEFC3E006DEC96 /* Sources */,
				DC36EE991FEEFC3E006DEC96 /* Frameworks */,
				DC36EE9A1FEEFC3E006DEC96 /* Resources */,
				B62CA328C78632C4687C3CE7 /* [CP] Embed Pods Frameworks */,
				1D8AEB755855A627DC61033F /* [CP] Copy Pods Resources */,
			);
			buildRules = (
			);
			dependencies = (
			);
			name = BitCoinMentor;
			productName = BitCoinMentor;
			productReference = DC36EE9C1FEEFC3E006DEC96 /* BitCoinMentor.app */;
			productType = "com.apple.product-type.application";
		};
/* End PBXNativeTarget section */

/* Begin PBXProject section */
		DC36EE941FEEFC3E006DEC96 /* Project object */ = {
			isa = PBXProject;
			attributes = {
				LastSwiftUpdateCheck = 0920;
				LastUpgradeCheck = 0920;
				ORGANIZATIONNAME = "Marcos Faria";
				TargetAttributes = {
					DC36EE9B1FEEFC3E006DEC96 = {
						CreatedOnToolsVersion = 9.2;
						ProvisioningStyle = Automatic;
						SystemCapabilities = {
							com.apple.BackgroundModes = {
								enabled = 1;
							};
							com.apple.DataProtection = {
								enabled = 0;
							};
							com.apple.HotspotConfiguration = {
								enabled = 0;
							};
							com.apple.Push = {
								enabled = 1;
							};
							com.apple.WAC = {
								enabled = 1;
							};
						};
					};
				};
			};
			buildConfigurationList = DC36EE971FEEFC3E006DEC96 /* Build configuration list for PBXProject "BitCoinMentor" */;
			compatibilityVersion = "Xcode 8.0";
			developmentRegion = en;
			hasScannedForEncodings = 0;
			knownRegions = (
				en,
				Base,
			);
			mainGroup = DC36EE931FEEFC3E006DEC96;
			productRefGroup = DC36EE9D1FEEFC3E006DEC96 /* Products */;
			projectDirPath = "";
			projectRoot = "";
			targets = (
				DC36EE9B1FEEFC3E006DEC96 /* BitCoinMentor */,
			);
		};
/* End PBXProject section */

/* Begin PBXResourcesBuildPhase section */
		DC36EE9A1FEEFC3E006DEC96 /* Resources */ = {
			isa = PBXResourcesBuildPhase;
			buildActionMask = 2147483647;
			files = (
				DC36EEAD1FEEFC3E006DEC96 /* LaunchScreen.storyboard in Resources */,
				DC5C73DC1FF1DD8D00F6AD91 /* GoogleService-Info.plist in Resources */,
				DC36EEAA1FEEFC3E006DEC96 /* Assets.xcassets in Resources */,
				DC36EEA51FEEFC3E006DEC96 /* Main.storyboard in Resources */,
			);
			runOnlyForDeploymentPostprocessing = 0;
		};
/* End PBXResourcesBuildPhase section */

/* Begin PBXShellScriptBuildPhase section */
		1D8AEB755855A627DC61033F /* [CP] Copy Pods Resources */ = {
			isa = PBXShellScriptBuildPhase;
			buildActionMask = 2147483647;
			files = (
			);
			inputPaths = (
			);
			name = "[CP] Copy Pods Resources";
			outputPaths = (
			);
			runOnlyForDeploymentPostprocessing = 0;
			shellPath = /bin/sh;
			shellScript = "\"${SRCROOT}/Pods/Target Support Files/Pods-BitCoinMentor/Pods-BitCoinMentor-resources.sh\"\n";
			showEnvVarsInLog = 0;
		};
		9BBD4285F70A5CCFE7C2F769 /* [CP] Check Pods Manifest.lock */ = {
			isa = PBXShellScriptBuildPhase;
			buildActionMask = 2147483647;
			files = (
			);
			inputPaths = (
			);
			name = "[CP] Check Pods Manifest.lock";
			outputPaths = (
			);
			runOnlyForDeploymentPostprocessing = 0;
			shellPath = /bin/sh;
			shellScript = "diff \"${PODS_ROOT}/../Podfile.lock\" \"${PODS_ROOT}/Manifest.lock\" > /dev/null\nif [ $? != 0 ] ; then\n    # print error to STDERR\n    echo \"error: The sandbox is not in sync with the Podfile.lock. Run 'pod install' or update your CocoaPods installation.\" >&2\n    exit 1\nfi\n";
			showEnvVarsInLog = 0;
		};
		B62CA328C78632C4687C3CE7 /* [CP] Embed Pods Frameworks */ = {
			isa = PBXShellScriptBuildPhase;
			buildActionMask = 2147483647;
			files = (
			);
			inputPaths = (
			);
			name = "[CP] Embed Pods Frameworks";
			outputPaths = (
			);
			runOnlyForDeploymentPostprocessing = 0;
			shellPath = /bin/sh;
			shellScript = "\"${SRCROOT}/Pods/Target Support Files/Pods-BitCoinMentor/Pods-BitCoinMentor-frameworks.sh\"\n";
			showEnvVarsInLog = 0;
		};
/* End PBXShellScriptBuildPhase section */

/* Begin PBXSourcesBuildPhase section */
		DC36EE981FEEFC3E006DEC96 /* Sources */ = {
			isa = PBXSourcesBuildPhase;
			buildActionMask = 2147483647;
			files = (
				DCB6562D201EA40F003A2DFF /* AnalyzeTVControllerMB.swift in Sources */,
				DCE3CE751FF0506800977907 /* ConfigurarViewController.swift in Sources */,
				DCB65636201FF4B3003A2DFF /* ConfViewControllerMB.swift in Sources */,
				DCB65634201FF46C003A2DFF /* ConfViewControllerBN.swift in Sources */,
				DCB6562F201F3670003A2DFF /* AnalyzeExchangeTO.swift in Sources */,
				DC36EEA21FEEFC3E006DEC96 /* MentorViewController.swift in Sources */,
				DCE3CE771FF05CCE00977907 /* Util.swift in Sources */,
				DCCD908F2018D2350083CD36 /* BitCoinMentorService.swift in Sources */,
				DCCD908C2018CD370083CD36 /* AnalyzeTVControllerBN.swift in Sources */,
				DC36EEA81FEEFC3E006DEC96 /* BitCoinMentor.xcdatamodeld in Sources */,
				DC36EEA01FEEFC3E006DEC96 /* AppDelegate.swift in Sources */,
				DCE3913A1FFF17C700E0116A /* ConfigurationTO.swift in Sources */,
				DCB65632201F394E003A2DFF /* BitCoinCoreData.swift in Sources */,
			);
			runOnlyForDeploymentPostprocessing = 0;
		};
/* End PBXSourcesBuildPhase section */

/* Begin PBXVariantGroup section */
		DC36EEA31FEEFC3E006DEC96 /* Main.storyboard */ = {
			isa = PBXVariantGroup;
			children = (
				DC36EEA41FEEFC3E006DEC96 /* Base */,
			);
			name = Main.storyboard;
			sourceTree = "<group>";
		};
		DC36EEAB1FEEFC3E006DEC96 /* LaunchScreen.storyboard */ = {
			isa = PBXVariantGroup;
			children = (
				DC36EEAC1FEEFC3E006DEC96 /* Base */,
			);
			name = LaunchScreen.storyboard;
			sourceTree = "<group>";
		};
/* End PBXVariantGroup section */

/* Begin XCBuildConfiguration section */
		DC36EEAF1FEEFC3E006DEC96 /* Debug */ = {
			isa = XCBuildConfiguration;
			buildSettings = {
				ALWAYS_SEARCH_USER_PATHS = NO;
				CLANG_ANALYZER_NONNULL = YES;
				CLANG_ANALYZER_NUMBER_OBJECT_CONVERSION = YES_AGGRESSIVE;
				CLANG_CXX_LANGUAGE_STANDARD = "gnu++14";
				CLANG_CXX_LIBRARY = "libc++";
				CLANG_ENABLE_MODULES = YES;
				CLANG_ENABLE_OBJC_ARC = YES;
				CLANG_WARN_BLOCK_CAPTURE_AUTORELEASING = YES;
				CLANG_WARN_BOOL_CONVERSION = YES;
				CLANG_WARN_COMMA = YES;
				CLANG_WARN_CONSTANT_CONVERSION = YES;
				CLANG_WARN_DIRECT_OBJC_ISA_USAGE = YES_ERROR;
				CLANG_WARN_DOCUMENTATION_COMMENTS = YES;
				CLANG_WARN_EMPTY_BODY = YES;
				CLANG_WARN_ENUM_CONVERSION = YES;
				CLANG_WARN_INFINITE_RECURSION = YES;
				CLANG_WARN_INT_CONVERSION = YES;
				CLANG_WARN_NON_LITERAL_NULL_CONVERSION = YES;
				CLANG_WARN_OBJC_LITERAL_CONVERSION = YES;
				CLANG_WARN_OBJC_ROOT_CLASS = YES_ERROR;
				CLANG_WARN_RANGE_LOOP_ANALYSIS = YES;
				CLANG_WARN_STRICT_PROTOTYPES = YES;
				CLANG_WARN_SUSPICIOUS_MOVE = YES;
				CLANG_WARN_UNGUARDED_AVAILABILITY = YES_AGGRESSIVE;
				CLANG_WARN_UNREACHABLE_CODE = YES;
				CLANG_WARN__DUPLICATE_METHOD_MATCH = YES;
				CODE_SIGN_IDENTITY = "iPhone Developer";
				COPY_PHASE_STRIP = NO;
				DEBUG_INFORMATION_FORMAT = dwarf;
				ENABLE_STRICT_OBJC_MSGSEND = YES;
				ENABLE_TESTABILITY = YES;
				GCC_C_LANGUAGE_STANDARD = gnu11;
				GCC_DYNAMIC_NO_PIC = NO;
				GCC_NO_COMMON_BLOCKS = YES;
				GCC_OPTIMIZATION_LEVEL = 0;
				GCC_PREPROCESSOR_DEFINITIONS = (
					"DEBUG=1",
					"$(inherited)",
				);
				GCC_WARN_64_TO_32_BIT_CONVERSION = YES;
				GCC_WARN_ABOUT_RETURN_TYPE = YES_ERROR;
				GCC_WARN_UNDECLARED_SELECTOR = YES;
				GCC_WARN_UNINITIALIZED_AUTOS = YES_AGGRESSIVE;
				GCC_WARN_UNUSED_FUNCTION = YES;
				GCC_WARN_UNUSED_VARIABLE = YES;
				IPHONEOS_DEPLOYMENT_TARGET = 11.2;
				MTL_ENABLE_DEBUG_INFO = YES;
				ONLY_ACTIVE_ARCH = YES;
				SDKROOT = iphoneos;
				SWIFT_ACTIVE_COMPILATION_CONDITIONS = DEBUG;
				SWIFT_OPTIMIZATION_LEVEL = "-Onone";
			};
			name = Debug;
		};
		DC36EEB01FEEFC3E006DEC96 /* Release */ = {
			isa = XCBuildConfiguration;
			buildSettings = {
				ALWAYS_SEARCH_USER_PATHS = NO;
				CLANG_ANALYZER_NONNULL = YES;
				CLANG_ANALYZER_NUMBER_OBJECT_CONVERSION = YES_AGGRESSIVE;
				CLANG_CXX_LANGUAGE_STANDARD = "gnu++14";
				CLANG_CXX_LIBRARY = "libc++";
				CLANG_ENABLE_MODULES = YES;
				CLANG_ENABLE_OBJC_ARC = YES;
				CLANG_WARN_BLOCK_CAPTURE_AUTORELEASING = YES;
				CLANG_WARN_BOOL_CONVERSION = YES;
				CLANG_WARN_COMMA = YES;
				CLANG_WARN_CONSTANT_CONVERSION = YES;
				CLANG_WARN_DIRECT_OBJC_ISA_USAGE = YES_ERROR;
				CLANG_WARN_DOCUMENTATION_COMMENTS = YES;
				CLANG_WARN_EMPTY_BODY = YES;
				CLANG_WARN_ENUM_CONVERSION = YES;
				CLANG_WARN_INFINITE_RECURSION = YES;
				CLANG_WARN_INT_CONVERSION = YES;
				CLANG_WARN_NON_LITERAL_NULL_CONVERSION = YES;
				CLANG_WARN_OBJC_LITERAL_CONVERSION = YES;
				CLANG_WARN_OBJC_ROOT_CLASS = YES_ERROR;
				CLANG_WARN_RANGE_LOOP_ANALYSIS = YES;
				CLANG_WARN_STRICT_PROTOTYPES = YES;
				CLANG_WARN_SUSPICIOUS_MOVE = YES;
				CLANG_WARN_UNGUARDED_AVAILABILITY = YES_AGGRESSIVE;
				CLANG_WARN_UNREACHABLE_CODE = YES;
				CLANG_WARN__DUPLICATE_METHOD_MATCH = YES;
				CODE_SIGN_IDENTITY = "iPhone Developer";
				COPY_PHASE_STRIP = NO;
				DEBUG_INFORMATION_FORMAT = "dwarf-with-dsym";
				ENABLE_NS_ASSERTIONS = NO;
				ENABLE_STRICT_OBJC_MSGSEND = YES;
				GCC_C_LANGUAGE_STANDARD = gnu11;
				GCC_NO_COMMON_BLOCKS = YES;
				GCC_WARN_64_TO_32_BIT_CONVERSION = YES;
				GCC_WARN_ABOUT_RETURN_TYPE = YES_ERROR;
				GCC_WARN_UNDECLARED_SELECTOR = YES;
				GCC_WARN_UNINITIALIZED_AUTOS = YES_AGGRESSIVE;
				GCC_WARN_UNUSED_FUNCTION = YES;
				GCC_WARN_UNUSED_VARIABLE = YES;
				IPHONEOS_DEPLOYMENT_TARGET = 11.2;
				MTL_ENABLE_DEBUG_INFO = NO;
				SDKROOT = iphoneos;
				SWIFT_OPTIMIZATION_LEVEL = "-Owholemodule";
				VALIDATE_PRODUCT = YES;
			};
			name = Release;
		};
		DC36EEB21FEEFC3E006DEC96 /* Debug */ = {
			isa = XCBuildConfiguration;
			baseConfigurationReference = F95300A33EE067BAE89FC668 /* Pods-BitCoinMentor.debug.xcconfig */;
			buildSettings = {
				ASSETCATALOG_COMPILER_APPICON_NAME = AppIcon;
				CODE_SIGN_ENTITLEMENTS = BitCoinMentor/BitCoinMentor.entitlements;
				"CODE_SIGN_IDENTITY[sdk=iphoneos*]" = "iPhone Developer";
				CODE_SIGN_STYLE = Automatic;
				DEVELOPMENT_TEAM = WVZ27ZN38V;
				INFOPLIST_FILE = BitCoinMentor/Info.plist;
				IPHONEOS_DEPLOYMENT_TARGET = 11.2;
				LD_RUNPATH_SEARCH_PATHS = "$(inherited) @executable_path/Frameworks";
				PRODUCT_BUNDLE_IDENTIFIER = com.savesim.BitCoinMentor;
				PRODUCT_NAME = "$(TARGET_NAME)";
				PROVISIONING_PROFILE_SPECIFIER = "";
				SWIFT_VERSION = 4.0;
				TARGETED_DEVICE_FAMILY = 1;
			};
			name = Debug;
		};
		DC36EEB31FEEFC3E006DEC96 /* Release */ = {
			isa = XCBuildConfiguration;
			baseConfigurationReference = B1B4A2E8374574AD7F29A448 /* Pods-BitCoinMentor.release.xcconfig */;
			buildSettings = {
				ASSETCATALOG_COMPILER_APPICON_NAME = AppIcon;
				CODE_SIGN_ENTITLEMENTS = BitCoinMentor/BitCoinMentor.entitlements;
				"CODE_SIGN_IDENTITY[sdk=iphoneos*]" = "iPhone Developer";
				CODE_SIGN_STYLE = Automatic;
				DEVELOPMENT_TEAM = WVZ27ZN38V;
				INFOPLIST_FILE = BitCoinMentor/Info.plist;
				IPHONEOS_DEPLOYMENT_TARGET = 11.2;
				LD_RUNPATH_SEARCH_PATHS = "$(inherited) @executable_path/Frameworks";
				PRODUCT_BUNDLE_IDENTIFIER = com.savesim.BitCoinMentor;
				PRODUCT_NAME = "$(TARGET_NAME)";
				PROVISIONING_PROFILE_SPECIFIER = "";
				SWIFT_VERSION = 4.0;
				TARGETED_DEVICE_FAMILY = 1;
			};
			name = Release;
		};
/* End XCBuildConfiguration section */

/* Begin XCConfigurationList section */
		DC36EE971FEEFC3E006DEC96 /* Build configuration list for PBXProject "BitCoinMentor" */ = {
			isa = XCConfigurationList;
			buildConfigurations = (
				DC36EEAF1FEEFC3E006DEC96 /* Debug */,
				DC36EEB01FEEFC3E006DEC96 /* Release */,
			);
			defaultConfigurationIsVisible = 0;
			defaultConfigurationName = Release;
		};
		DC36EEB11FEEFC3E006DEC96 /* Build configuration list for PBXNativeTarget "BitCoinMentor" */ = {
			isa = XCConfigurationList;
			buildConfigurations = (
				DC36EEB21FEEFC3E006DEC96 /* Debug */,
				DC36EEB31FEEFC3E006DEC96 /* Release */,
			);
			defaultConfigurationIsVisible = 0;
			defaultConfigurationName = Release;
		};
/* End XCConfigurationList section */

/* Begin XCVersionGroup section */
		DC36EEA61FEEFC3E006DEC96 /* BitCoinMentor.xcdatamodeld */ = {
			isa = XCVersionGroup;
			children = (
				DC36EEA71FEEFC3E006DEC96 /* BitCoinMentor.xcdatamodel */,
			);
			currentVersion = DC36EEA71FEEFC3E006DEC96 /* BitCoinMentor.xcdatamodel */;
			path = BitCoinMentor.xcdatamodeld;
			sourceTree = "<group>";
			versionGroupType = wrapper.xcdatamodel;
		};
/* End XCVersionGroup section */
	};
	rootObject = DC36EE941FEEFC3E006DEC96 /* Project object */;
}
